
Microsoft Visual Studio Solution File, Format Version 12.00
# Visual Studio Version 16
VisualStudioVersion = 16.0.31702.278
MinimumVisualStudioVersion = 10.0.40219.1
Project("{FAE04EC0-301F-11D3-BF4B-00C04F79EFBC}") = "MovieAPI", "MovieAPI\MovieAPI.csproj", "{059DE1F9-AB37-464E-AFCE-03212B79F087}"
EndProject
Global
	GlobalSection(SolutionConfigurationPlatforms) = preSolution
		Debug|Any CPU = Debug|Any CPU
		Release|Any CPU = Release|Any CPU
	EndGlobalSection
	GlobalSection(ProjectConfigurationPlatforms) = postSolution
		{059DE1F9-AB37-464E-AFCE-03212B79F087}.Debug|Any CPU.ActiveCfg = Debug|Any CPU
		{059DE1F9-AB37-464E-AFCE-03212B79F087}.Debug|Any CPU.Build.0 = Debug|Any CPU
		{059DE1F9-AB37-464E-AFCE-03212B79F087}.Release|Any CPU.ActiveCfg = Release|Any CPU
		{059DE1F9-AB37-464E-AFCE-03212B79F087}.Release|Any CPU.Build.0 = Release|Any CPU
	EndGlobalSection
	GlobalSection(SolutionProperties) = preSolution
		HideSolutionNode = FALSE
	EndGlobalSection
	GlobalSection(ExtensibilityGlobals) = postSolution
		SolutionGuid = {C7CFF300-FD74-40F5-8E17-2477CF417CED}
	EndGlobalSection
EndGlobal
